
Microsoft Visual Studio Solution File, Format Version 12.00
Project("{FAE04EC0-301F-11D3-BF4B-00C04F79EFBC}") = "PatternDecoratorPizza", "PatternDecoratorPizza\PatternDecoratorPizza.csproj", "{2BC8D937-FD52-4C48-A6B9-3DA14BC6797A}"
EndProject
Global
	GlobalSection(SolutionConfigurationPlatforms) = preSolution
		Debug|Any CPU = Debug|Any CPU
		Release|Any CPU = Release|Any CPU
	EndGlobalSection
	GlobalSection(ProjectConfigurationPlatforms) = postSolution
		{2BC8D937-FD52-4C48-A6B9-3DA14BC6797A}.Debug|Any CPU.ActiveCfg = Debug|Any CPU
		{2BC8D937-FD52-4C48-A6B9-3DA14BC6797A}.Debug|Any CPU.Build.0 = Debug|Any CPU
		{2BC8D937-FD52-4C48-A6B9-3DA14BC6797A}.Release|Any CPU.ActiveCfg = Release|Any CPU
		{2BC8D937-FD52-4C48-A6B9-3DA14BC6797A}.Release|Any CPU.Build.0 = Release|Any CPU
	EndGlobalSection
EndGlobal
